// !$*UTF8*$!
{
	archiveVersion = 1;
	classes = {
	};
	objectVersion = 50;
	objects = {

/* Begin PBXBuildFile section */
		6B037DD922ADCA1E0040870D /* OrganisationSearchRouter.swift in Sources */ = {isa = PBXBuildFile; fileRef = 6B037DD822ADCA1E0040870D /* OrganisationSearchRouter.swift */; };
		6B037DDB22ADCAF10040870D /* Wireframe.swift in Sources */ = {isa = PBXBuildFile; fileRef = 6B037DDA22ADCAF10040870D /* Wireframe.swift */; };
		6B037DDF22ADD0CA0040870D /* RepositorySearchResultsRouter.swift in Sources */ = {isa = PBXBuildFile; fileRef = 6B037DDE22ADD0CA0040870D /* RepositorySearchResultsRouter.swift */; };
		6B037DE122ADD25E0040870D /* SearchResults.swift in Sources */ = {isa = PBXBuildFile; fileRef = 6B037DE022ADD25E0040870D /* SearchResults.swift */; };
		6B5F8DA222AF2D6300C28281 /* String+StaticStringTests.swift in Sources */ = {isa = PBXBuildFile; fileRef = 6B5F8DA122AF2D6300C28281 /* String+StaticStringTests.swift */; };
		6B5F8DA422AF2FB600C28281 /* URL+StaticString.swift in Sources */ = {isa = PBXBuildFile; fileRef = 6B5F8DA322AF2FB600C28281 /* URL+StaticString.swift */; };
		6B5F8DA622AF33C600C28281 /* WireframeTests.swift in Sources */ = {isa = PBXBuildFile; fileRef = 6B5F8DA522AF33C600C28281 /* WireframeTests.swift */; };
		6B5F8DA822AF345900C28281 /* Domain+TestDoubles.swift in Sources */ = {isa = PBXBuildFile; fileRef = 6B5F8DA722AF345900C28281 /* Domain+TestDoubles.swift */; };
		6B9EF50222AE80A000C916D3 /* FetchState.swift in Sources */ = {isa = PBXBuildFile; fileRef = 6B9EF50122AE80A000C916D3 /* FetchState.swift */; };
		6BABAA2522AC80B3008886DD /* RepositorySearchViewController.swift in Sources */ = {isa = PBXBuildFile; fileRef = 6BABAA2322AC80B3008886DD /* RepositorySearchViewController.swift */; };
		6BABAA2622AC80B3008886DD /* RepositorySearchViewController.xib in Resources */ = {isa = PBXBuildFile; fileRef = 6BABAA2422AC80B3008886DD /* RepositorySearchViewController.xib */; };
		6BABAA2822AC82A1008886DD /* GitHubSiteService.swift in Sources */ = {isa = PBXBuildFile; fileRef = 6BABAA2722AC82A1008886DD /* GitHubSiteService.swift */; };
		6BABAA2F22AC9958008886DD /* Organisation.swift in Sources */ = {isa = PBXBuildFile; fileRef = 6BABAA2E22AC9958008886DD /* Organisation.swift */; };
		6BABAA3122AC9966008886DD /* Repository.swift in Sources */ = {isa = PBXBuildFile; fileRef = 6BABAA3022AC9966008886DD /* Repository.swift */; };
		6BABAA3522AC99A0008886DD /* URL+StaticString.swift in Sources */ = {isa = PBXBuildFile; fileRef = 6BABAA3422AC99A0008886DD /* URL+StaticString.swift */; };
		6BABAA3722AC99B1008886DD /* String+StaticString.swift in Sources */ = {isa = PBXBuildFile; fileRef = 6BABAA3622AC99B1008886DD /* String+StaticString.swift */; };
		6BABAA3E22ACC131008886DD /* RepositorySearchResultsScene.swift in Sources */ = {isa = PBXBuildFile; fileRef = 6BABAA3D22ACC131008886DD /* RepositorySearchResultsScene.swift */; };
		6BABAA4222ACC214008886DD /* RepositorySearchResultsInteractor.swift in Sources */ = {isa = PBXBuildFile; fileRef = 6BABAA4122ACC214008886DD /* RepositorySearchResultsInteractor.swift */; };
		6BABAA4422ACC353008886DD /* RepositorySearchResultsPresenter.swift in Sources */ = {isa = PBXBuildFile; fileRef = 6BABAA4322ACC353008886DD /* RepositorySearchResultsPresenter.swift */; };
		6BABAA4722ACC6FF008886DD /* OrganisationSearchViewController.swift in Sources */ = {isa = PBXBuildFile; fileRef = 6BABAA4522ACC6FF008886DD /* OrganisationSearchViewController.swift */; };
		6BABAA4822ACC6FF008886DD /* OrganisationSearchViewController.xib in Resources */ = {isa = PBXBuildFile; fileRef = 6BABAA4622ACC6FF008886DD /* OrganisationSearchViewController.xib */; };
		6BABAA4A22ACCB17008886DD /* OrganisationSearchScene.swift in Sources */ = {isa = PBXBuildFile; fileRef = 6BABAA4922ACCB17008886DD /* OrganisationSearchScene.swift */; };
		6BABAA4C22ACCE33008886DD /* OrganisationSearchInteractor.swift in Sources */ = {isa = PBXBuildFile; fileRef = 6BABAA4B22ACCE33008886DD /* OrganisationSearchInteractor.swift */; };
		6BABAA4E22ACCF3F008886DD /* OrganisationSearchPresenter.swift in Sources */ = {isa = PBXBuildFile; fileRef = 6BABAA4D22ACCF3F008886DD /* OrganisationSearchPresenter.swift */; };
		6BABAA5022ADBFB5008886DD /* executeOnMain.swift in Sources */ = {isa = PBXBuildFile; fileRef = 6BABAA4F22ADBFB5008886DD /* executeOnMain.swift */; };
		6BFD1A2522AC760E00C2CCA9 /* AppDelegate.swift in Sources */ = {isa = PBXBuildFile; fileRef = 6BFD1A2422AC760E00C2CCA9 /* AppDelegate.swift */; };
		6BFD1A2C22AC761000C2CCA9 /* Assets.xcassets in Resources */ = {isa = PBXBuildFile; fileRef = 6BFD1A2B22AC761000C2CCA9 /* Assets.xcassets */; };
		6BFD1A2F22AC761000C2CCA9 /* LaunchScreen.storyboard in Resources */ = {isa = PBXBuildFile; fileRef = 6BFD1A2D22AC761000C2CCA9 /* LaunchScreen.storyboard */; };
		6BFD1A4522AC761100C2CCA9 /* GitHub_Repository_SearchUITests.swift in Sources */ = {isa = PBXBuildFile; fileRef = 6BFD1A4422AC761100C2CCA9 /* GitHub_Repository_SearchUITests.swift */; };
/* End PBXBuildFile section */

/* Begin PBXContainerItemProxy section */
		6BFD1A3622AC761100C2CCA9 /* PBXContainerItemProxy */ = {
			isa = PBXContainerItemProxy;
			containerPortal = 6BFD1A1922AC760E00C2CCA9 /* Project object */;
			proxyType = 1;
			remoteGlobalIDString = 6BFD1A2022AC760E00C2CCA9;
			remoteInfo = "GitHub Repository Search";
		};
		6BFD1A4122AC761100C2CCA9 /* PBXContainerItemProxy */ = {
			isa = PBXContainerItemProxy;
			containerPortal = 6BFD1A1922AC760E00C2CCA9 /* Project object */;
			proxyType = 1;
			remoteGlobalIDString = 6BFD1A2022AC760E00C2CCA9;
			remoteInfo = "GitHub Repository Search";
		};
/* End PBXContainerItemProxy section */

/* Begin PBXFileReference section */
		6B037DD822ADCA1E0040870D /* OrganisationSearchRouter.swift */ = {isa = PBXFileReference; lastKnownFileType = sourcecode.swift; path = OrganisationSearchRouter.swift; sourceTree = "<group>"; };
		6B037DDA22ADCAF10040870D /* Wireframe.swift */ = {isa = PBXFileReference; lastKnownFileType = sourcecode.swift; path = Wireframe.swift; sourceTree = "<group>"; };
		6B037DDE22ADD0CA0040870D /* RepositorySearchResultsRouter.swift */ = {isa = PBXFileReference; lastKnownFileType = sourcecode.swift; path = RepositorySearchResultsRouter.swift; sourceTree = "<group>"; };
		6B037DE022ADD25E0040870D /* SearchResults.swift */ = {isa = PBXFileReference; lastKnownFileType = sourcecode.swift; name = SearchResults.swift; path = "GitHub Repository Search/Domain/Model/SearchResults.swift"; sourceTree = SOURCE_ROOT; };
		6B5F8DA122AF2D6300C28281 /* String+StaticStringTests.swift */ = {isa = PBXFileReference; lastKnownFileType = sourcecode.swift; path = "String+StaticStringTests.swift"; sourceTree = "<group>"; };
		6B5F8DA322AF2FB600C28281 /* URL+StaticString.swift */ = {isa = PBXFileReference; lastKnownFileType = sourcecode.swift; path = "URL+StaticString.swift"; sourceTree = "<group>"; };
		6B5F8DA522AF33C600C28281 /* WireframeTests.swift */ = {isa = PBXFileReference; lastKnownFileType = sourcecode.swift; path = WireframeTests.swift; sourceTree = "<group>"; };
		6B5F8DA722AF345900C28281 /* Domain+TestDoubles.swift */ = {isa = PBXFileReference; lastKnownFileType = sourcecode.swift; path = "Domain+TestDoubles.swift"; sourceTree = "<group>"; };
		6B9EF50122AE80A000C916D3 /* FetchState.swift */ = {isa = PBXFileReference; lastKnownFileType = sourcecode.swift; path = FetchState.swift; sourceTree = "<group>"; };
		6BABAA2322AC80B3008886DD /* RepositorySearchViewController.swift */ = {isa = PBXFileReference; lastKnownFileType = sourcecode.swift; path = RepositorySearchViewController.swift; sourceTree = "<group>"; };
		6BABAA2422AC80B3008886DD /* RepositorySearchViewController.xib */ = {isa = PBXFileReference; lastKnownFileType = file.xib; path = RepositorySearchViewController.xib; sourceTree = "<group>"; };
		6BABAA2722AC82A1008886DD /* GitHubSiteService.swift */ = {isa = PBXFileReference; lastKnownFileType = sourcecode.swift; path = GitHubSiteService.swift; sourceTree = "<group>"; };
		6BABAA2E22AC9958008886DD /* Organisation.swift */ = {isa = PBXFileReference; lastKnownFileType = sourcecode.swift; path = Organisation.swift; sourceTree = "<group>"; };
		6BABAA3022AC9966008886DD /* Repository.swift */ = {isa = PBXFileReference; lastKnownFileType = sourcecode.swift; path = Repository.swift; sourceTree = "<group>"; };
		6BABAA3422AC99A0008886DD /* URL+StaticString.swift */ = {isa = PBXFileReference; lastKnownFileType = sourcecode.swift; path = "URL+StaticString.swift"; sourceTree = "<group>"; };
		6BABAA3622AC99B1008886DD /* String+StaticString.swift */ = {isa = PBXFileReference; lastKnownFileType = sourcecode.swift; path = "String+StaticString.swift"; sourceTree = "<group>"; };
		6BABAA3D22ACC131008886DD /* RepositorySearchResultsScene.swift */ = {isa = PBXFileReference; lastKnownFileType = sourcecode.swift; path = RepositorySearchResultsScene.swift; sourceTree = "<group>"; };
		6BABAA4122ACC214008886DD /* RepositorySearchResultsInteractor.swift */ = {isa = PBXFileReference; lastKnownFileType = sourcecode.swift; path = RepositorySearchResultsInteractor.swift; sourceTree = "<group>"; };
		6BABAA4322ACC353008886DD /* RepositorySearchResultsPresenter.swift */ = {isa = PBXFileReference; lastKnownFileType = sourcecode.swift; path = RepositorySearchResultsPresenter.swift; sourceTree = "<group>"; };
		6BABAA4522ACC6FF008886DD /* OrganisationSearchViewController.swift */ = {isa = PBXFileReference; lastKnownFileType = sourcecode.swift; path = OrganisationSearchViewController.swift; sourceTree = "<group>"; };
		6BABAA4622ACC6FF008886DD /* OrganisationSearchViewController.xib */ = {isa = PBXFileReference; lastKnownFileType = file.xib; path = OrganisationSearchViewController.xib; sourceTree = "<group>"; };
		6BABAA4922ACCB17008886DD /* OrganisationSearchScene.swift */ = {isa = PBXFileReference; lastKnownFileType = sourcecode.swift; path = OrganisationSearchScene.swift; sourceTree = "<group>"; };
		6BABAA4B22ACCE33008886DD /* OrganisationSearchInteractor.swift */ = {isa = PBXFileReference; lastKnownFileType = sourcecode.swift; path = OrganisationSearchInteractor.swift; sourceTree = "<group>"; };
		6BABAA4D22ACCF3F008886DD /* OrganisationSearchPresenter.swift */ = {isa = PBXFileReference; lastKnownFileType = sourcecode.swift; path = OrganisationSearchPresenter.swift; sourceTree = "<group>"; };
		6BABAA4F22ADBFB5008886DD /* executeOnMain.swift */ = {isa = PBXFileReference; lastKnownFileType = sourcecode.swift; path = executeOnMain.swift; sourceTree = "<group>"; };
		6BFD1A2122AC760E00C2CCA9 /* GitHub Repository Search.app */ = {isa = PBXFileReference; explicitFileType = wrapper.application; includeInIndex = 0; path = "GitHub Repository Search.app"; sourceTree = BUILT_PRODUCTS_DIR; };
		6BFD1A2422AC760E00C2CCA9 /* AppDelegate.swift */ = {isa = PBXFileReference; lastKnownFileType = sourcecode.swift; path = AppDelegate.swift; sourceTree = "<group>"; };
		6BFD1A2B22AC761000C2CCA9 /* Assets.xcassets */ = {isa = PBXFileReference; lastKnownFileType = folder.assetcatalog; path = Assets.xcassets; sourceTree = "<group>"; };
		6BFD1A2E22AC761000C2CCA9 /* Base */ = {isa = PBXFileReference; lastKnownFileType = file.storyboard; name = Base; path = Base.lproj/LaunchScreen.storyboard; sourceTree = "<group>"; };
		6BFD1A3022AC761000C2CCA9 /* Info.plist */ = {isa = PBXFileReference; lastKnownFileType = text.plist.xml; path = Info.plist; sourceTree = "<group>"; };
		6BFD1A3522AC761100C2CCA9 /* GitHub Repository SearchTests.xctest */ = {isa = PBXFileReference; explicitFileType = wrapper.cfbundle; includeInIndex = 0; path = "GitHub Repository SearchTests.xctest"; sourceTree = BUILT_PRODUCTS_DIR; };
		6BFD1A3B22AC761100C2CCA9 /* Info.plist */ = {isa = PBXFileReference; lastKnownFileType = text.plist.xml; path = Info.plist; sourceTree = "<group>"; };
		6BFD1A4022AC761100C2CCA9 /* GitHub Repository SearchUITests.xctest */ = {isa = PBXFileReference; explicitFileType = wrapper.cfbundle; includeInIndex = 0; path = "GitHub Repository SearchUITests.xctest"; sourceTree = BUILT_PRODUCTS_DIR; };
		6BFD1A4422AC761100C2CCA9 /* GitHub_Repository_SearchUITests.swift */ = {isa = PBXFileReference; lastKnownFileType = sourcecode.swift; path = GitHub_Repository_SearchUITests.swift; sourceTree = "<group>"; };
		6BFD1A4622AC761100C2CCA9 /* Info.plist */ = {isa = PBXFileReference; lastKnownFileType = text.plist.xml; path = Info.plist; sourceTree = "<group>"; };
/* End PBXFileReference section */

/* Begin PBXFrameworksBuildPhase section */
		6BFD1A1E22AC760E00C2CCA9 /* Frameworks */ = {
			isa = PBXFrameworksBuildPhase;
			buildActionMask = 2147483647;
			files = (
			);
			runOnlyForDeploymentPostprocessing = 0;
		};
		6BFD1A3222AC761100C2CCA9 /* Frameworks */ = {
			isa = PBXFrameworksBuildPhase;
			buildActionMask = 2147483647;
			files = (
			);
			runOnlyForDeploymentPostprocessing = 0;
		};
		6BFD1A3D22AC761100C2CCA9 /* Frameworks */ = {
			isa = PBXFrameworksBuildPhase;
			buildActionMask = 2147483647;
			files = (
			);
			runOnlyForDeploymentPostprocessing = 0;
		};
/* End PBXFrameworksBuildPhase section */

/* Begin PBXGroup section */
		6B037DDC22ADCE130040870D /* Core */ = {
			isa = PBXGroup;
			children = (
				6BFD1A2422AC760E00C2CCA9 /* AppDelegate.swift */,
				6BABAA4F22ADBFB5008886DD /* executeOnMain.swift */,
				6B037DDD22ADCE370040870D /* Other */,
				6B037DDA22ADCAF10040870D /* Wireframe.swift */,
			);
			path = Core;
			sourceTree = "<group>";
		};
		6B037DDD22ADCE370040870D /* Other */ = {
			isa = PBXGroup;
			children = (
				6BFD1A2B22AC761000C2CCA9 /* Assets.xcassets */,
				6BFD1A2D22AC761000C2CCA9 /* LaunchScreen.storyboard */,
			);
			path = Other;
			sourceTree = "<group>";
		};
		6B0CFAEE22AF2AC600BA8178 /* Domain */ = {
			isa = PBXGroup;
			children = (
				6B0CFAF022AF2AE200BA8178 /* Model */,
				6B5F8DA722AF345900C28281 /* Domain+TestDoubles.swift */,
			);
			path = Domain;
			sourceTree = "<group>";
		};
		6B0CFAEF22AF2AD700BA8178 /* Core */ = {
			isa = PBXGroup;
			children = (
				6B5F8DA522AF33C600C28281 /* WireframeTests.swift */,
			);
			path = Core;
			sourceTree = "<group>";
		};
		6B0CFAF022AF2AE200BA8178 /* Model */ = {
			isa = PBXGroup;
			children = (
				6B5F8DAB22AF37BC00C28281 /* TestData */,
			);
			path = Model;
			sourceTree = "<group>";
		};
		6B0CFAF122AF2AF000BA8178 /* Extensions */ = {
			isa = PBXGroup;
			children = (
				6B5F8DA122AF2D6300C28281 /* String+StaticStringTests.swift */,
				6B5F8DA322AF2FB600C28281 /* URL+StaticString.swift */,
			);
			path = Extensions;
			sourceTree = "<group>";
		};
		6B0CFAF222AF2B0000BA8178 /* Scene */ = {
			isa = PBXGroup;
			children = (
				6B0CFAF422AF2B0700BA8178 /* Organisation */,
				6B0CFAF322AF2B0300BA8178 /* Repository */,
			);
			path = Scene;
			sourceTree = "<group>";
		};
		6B0CFAF322AF2B0300BA8178 /* Repository */ = {
			isa = PBXGroup;
			children = (
			);
			path = Repository;
			sourceTree = "<group>";
		};
		6B0CFAF422AF2B0700BA8178 /* Organisation */ = {
			isa = PBXGroup;
			children = (
			);
			path = Organisation;
			sourceTree = "<group>";
		};
		6B5F8DAB22AF37BC00C28281 /* TestData */ = {
			isa = PBXGroup;
			children = (
			);
			path = TestData;
			sourceTree = "<group>";
		};
		6BABAA2D22AC994A008886DD /* Domain */ = {
			isa = PBXGroup;
			children = (
				6BABAA2722AC82A1008886DD /* GitHubSiteService.swift */,
				6BABAA3922AC99DE008886DD /* Model */,
			);
			path = Domain;
			sourceTree = "<group>";
		};
		6BABAA3222AC996E008886DD /* Extensions */ = {
			isa = PBXGroup;
			children = (
				6BABAA3422AC99A0008886DD /* URL+StaticString.swift */,
				6BABAA3622AC99B1008886DD /* String+StaticString.swift */,
			);
			path = Extensions;
			sourceTree = "<group>";
		};
		6BABAA3822AC99CB008886DD /* Scene */ = {
			isa = PBXGroup;
			children = (
				6BABAA4022ACC1D9008886DD /* Organisation */,
				6BABAA3F22ACC1D1008886DD /* Repository */,
			);
			path = Scene;
			sourceTree = "<group>";
		};
		6BABAA3922AC99DE008886DD /* Model */ = {
			isa = PBXGroup;
			children = (
				6B037DE022ADD25E0040870D /* SearchResults.swift */,
				6BABAA2E22AC9958008886DD /* Organisation.swift */,
				6BABAA3022AC9966008886DD /* Repository.swift */,
				6B9EF50122AE80A000C916D3 /* FetchState.swift */,
			);
			path = Model;
			sourceTree = "<group>";
		};
		6BABAA3F22ACC1D1008886DD /* Repository */ = {
			isa = PBXGroup;
			children = (
				6BABAA3D22ACC131008886DD /* RepositorySearchResultsScene.swift */,
				6BABAA4322ACC353008886DD /* RepositorySearchResultsPresenter.swift */,
				6BABAA4122ACC214008886DD /* RepositorySearchResultsInteractor.swift */,
				6B037DDE22ADD0CA0040870D /* RepositorySearchResultsRouter.swift */,
				6BABAA2322AC80B3008886DD /* RepositorySearchViewController.swift */,
				6BABAA2422AC80B3008886DD /* RepositorySearchViewController.xib */,
			);
			path = Repository;
			sourceTree = "<group>";
		};
		6BABAA4022ACC1D9008886DD /* Organisation */ = {
			isa = PBXGroup;
			children = (
				6BABAA4B22ACCE33008886DD /* OrganisationSearchInteractor.swift */,
				6BABAA4D22ACCF3F008886DD /* OrganisationSearchPresenter.swift */,
				6B037DD822ADCA1E0040870D /* OrganisationSearchRouter.swift */,
				6BABAA4922ACCB17008886DD /* OrganisationSearchScene.swift */,
				6BABAA4522ACC6FF008886DD /* OrganisationSearchViewController.swift */,
				6BABAA4622ACC6FF008886DD /* OrganisationSearchViewController.xib */,
			);
			path = Organisation;
			sourceTree = "<group>";
		};
		6BFD1A1822AC760E00C2CCA9 = {
			isa = PBXGroup;
			children = (
				6BFD1A2322AC760E00C2CCA9 /* GitHub Repository Search */,
				6BFD1A3822AC761100C2CCA9 /* GitHub Repository SearchTests */,
				6BFD1A4322AC761100C2CCA9 /* GitHub Repository SearchUITests */,
				6BFD1A2222AC760E00C2CCA9 /* Products */,
			);
			sourceTree = "<group>";
		};
		6BFD1A2222AC760E00C2CCA9 /* Products */ = {
			isa = PBXGroup;
			children = (
				6BFD1A2122AC760E00C2CCA9 /* GitHub Repository Search.app */,
				6BFD1A3522AC761100C2CCA9 /* GitHub Repository SearchTests.xctest */,
				6BFD1A4022AC761100C2CCA9 /* GitHub Repository SearchUITests.xctest */,
			);
			name = Products;
			sourceTree = "<group>";
		};
		6BFD1A2322AC760E00C2CCA9 /* GitHub Repository Search */ = {
			isa = PBXGroup;
			children = (
				6BFD1A3022AC761000C2CCA9 /* Info.plist */,
				6B037DDC22ADCE130040870D /* Core */,
				6BABAA2D22AC994A008886DD /* Domain */,
				6BABAA3222AC996E008886DD /* Extensions */,
				6BABAA3822AC99CB008886DD /* Scene */,
			);
			path = "GitHub Repository Search";
			sourceTree = "<group>";
		};
		6BFD1A3822AC761100C2CCA9 /* GitHub Repository SearchTests */ = {
			isa = PBXGroup;
			children = (
				6B0CFAF222AF2B0000BA8178 /* Scene */,
				6B0CFAEE22AF2AC600BA8178 /* Domain */,
				6B0CFAEF22AF2AD700BA8178 /* Core */,
				6B0CFAF122AF2AF000BA8178 /* Extensions */,
				6BFD1A3B22AC761100C2CCA9 /* Info.plist */,
			);
			path = "GitHub Repository SearchTests";
			sourceTree = "<group>";
		};
		6BFD1A4322AC761100C2CCA9 /* GitHub Repository SearchUITests */ = {
			isa = PBXGroup;
			children = (
				6BFD1A4422AC761100C2CCA9 /* GitHub_Repository_SearchUITests.swift */,
				6BFD1A4622AC761100C2CCA9 /* Info.plist */,
			);
			path = "GitHub Repository SearchUITests";
			sourceTree = "<group>";
		};
/* End PBXGroup section */

/* Begin PBXNativeTarget section */
		6BFD1A2022AC760E00C2CCA9 /* GitHub Repository Search */ = {
			isa = PBXNativeTarget;
			buildConfigurationList = 6BFD1A4922AC761100C2CCA9 /* Build configuration list for PBXNativeTarget "GitHub Repository Search" */;
			buildPhases = (
				6BFD1A1D22AC760E00C2CCA9 /* Sources */,
				6BFD1A1E22AC760E00C2CCA9 /* Frameworks */,
				6BFD1A1F22AC760E00C2CCA9 /* Resources */,
			);
			buildRules = (
			);
			dependencies = (
			);
			name = "GitHub Repository Search";
			productName = "GitHub Repository Search";
			productReference = 6BFD1A2122AC760E00C2CCA9 /* GitHub Repository Search.app */;
			productType = "com.apple.product-type.application";
		};
		6BFD1A3422AC761100C2CCA9 /* GitHub Repository SearchTests */ = {
			isa = PBXNativeTarget;
			buildConfigurationList = 6BFD1A4C22AC761100C2CCA9 /* Build configuration list for PBXNativeTarget "GitHub Repository SearchTests" */;
			buildPhases = (
				6BFD1A3122AC761100C2CCA9 /* Sources */,
				6BFD1A3222AC761100C2CCA9 /* Frameworks */,
				6BFD1A3322AC761100C2CCA9 /* Resources */,
			);
			buildRules = (
			);
			dependencies = (
				6BFD1A3722AC761100C2CCA9 /* PBXTargetDependency */,
			);
			name = "GitHub Repository SearchTests";
			productName = "GitHub Repository SearchTests";
			productReference = 6BFD1A3522AC761100C2CCA9 /* GitHub Repository SearchTests.xctest */;
			productType = "com.apple.product-type.bundle.unit-test";
		};
		6BFD1A3F22AC761100C2CCA9 /* GitHub Repository SearchUITests */ = {
			isa = PBXNativeTarget;
			buildConfigurationList = 6BFD1A4F22AC761100C2CCA9 /* Build configuration list for PBXNativeTarget "GitHub Repository SearchUITests" */;
			buildPhases = (
				6BFD1A3C22AC761100C2CCA9 /* Sources */,
				6BFD1A3D22AC761100C2CCA9 /* Frameworks */,
				6BFD1A3E22AC761100C2CCA9 /* Resources */,
			);
			buildRules = (
			);
			dependencies = (
				6BFD1A4222AC761100C2CCA9 /* PBXTargetDependency */,
			);
			name = "GitHub Repository SearchUITests";
			productName = "GitHub Repository SearchUITests";
			productReference = 6BFD1A4022AC761100C2CCA9 /* GitHub Repository SearchUITests.xctest */;
			productType = "com.apple.product-type.bundle.ui-testing";
		};
/* End PBXNativeTarget section */

/* Begin PBXProject section */
		6BFD1A1922AC760E00C2CCA9 /* Project object */ = {
			isa = PBXProject;
			attributes = {
				LastSwiftUpdateCheck = 1020;
				LastUpgradeCheck = 1020;
				ORGANIZATIONNAME = "Keenan Hauber";
				TargetAttributes = {
					6BFD1A2022AC760E00C2CCA9 = {
						CreatedOnToolsVersion = 10.2.1;
					};
					6BFD1A3422AC761100C2CCA9 = {
						CreatedOnToolsVersion = 10.2.1;
						LastSwiftMigration = 1020;
						TestTargetID = 6BFD1A2022AC760E00C2CCA9;
					};
					6BFD1A3F22AC761100C2CCA9 = {
						CreatedOnToolsVersion = 10.2.1;
						TestTargetID = 6BFD1A2022AC760E00C2CCA9;
					};
				};
			};
			buildConfigurationList = 6BFD1A1C22AC760E00C2CCA9 /* Build configuration list for PBXProject "GitHub Repository Search" */;
			compatibilityVersion = "Xcode 9.3";
			developmentRegion = en;
			hasScannedForEncodings = 0;
			knownRegions = (
				en,
				Base,
			);
			mainGroup = 6BFD1A1822AC760E00C2CCA9;
			productRefGroup = 6BFD1A2222AC760E00C2CCA9 /* Products */;
			projectDirPath = "";
			projectRoot = "";
			targets = (
				6BFD1A2022AC760E00C2CCA9 /* GitHub Repository Search */,
				6BFD1A3422AC761100C2CCA9 /* GitHub Repository SearchTests */,
				6BFD1A3F22AC761100C2CCA9 /* GitHub Repository SearchUITests */,
			);
		};
/* End PBXProject section */

/* Begin PBXResourcesBuildPhase section */
		6BFD1A1F22AC760E00C2CCA9 /* Resources */ = {
			isa = PBXResourcesBuildPhase;
			buildActionMask = 2147483647;
			files = (
				6BABAA2622AC80B3008886DD /* RepositorySearchViewController.xib in Resources */,
				6BABAA4822ACC6FF008886DD /* OrganisationSearchViewController.xib in Resources */,
				6BFD1A2F22AC761000C2CCA9 /* LaunchScreen.storyboard in Resources */,
				6BFD1A2C22AC761000C2CCA9 /* Assets.xcassets in Resources */,
			);
			runOnlyForDeploymentPostprocessing = 0;
		};
		6BFD1A3322AC761100C2CCA9 /* Resources */ = {
			isa = PBXResourcesBuildPhase;
			buildActionMask = 2147483647;
			files = (
			);
			runOnlyForDeploymentPostprocessing = 0;
		};
		6BFD1A3E22AC761100C2CCA9 /* Resources */ = {
			isa = PBXResourcesBuildPhase;
			buildActionMask = 2147483647;
			files = (
			);
			runOnlyForDeploymentPostprocessing = 0;
		};
/* End PBXResourcesBuildPhase section */

/* Begin PBXSourcesBuildPhase section */
		6BFD1A1D22AC760E00C2CCA9 /* Sources */ = {
			isa = PBXSourcesBuildPhase;
			buildActionMask = 2147483647;
			files = (
				6B037DDB22ADCAF10040870D /* Wireframe.swift in Sources */,
				6B037DDF22ADD0CA0040870D /* RepositorySearchResultsRouter.swift in Sources */,
				6BABAA4E22ACCF3F008886DD /* OrganisationSearchPresenter.swift in Sources */,
				6BABAA2522AC80B3008886DD /* RepositorySearchViewController.swift in Sources */,
				6BABAA4222ACC214008886DD /* RepositorySearchResultsInteractor.swift in Sources */,
				6BABAA4C22ACCE33008886DD /* OrganisationSearchInteractor.swift in Sources */,
				6BABAA4722ACC6FF008886DD /* OrganisationSearchViewController.swift in Sources */,
				6BFD1A2522AC760E00C2CCA9 /* AppDelegate.swift in Sources */,
				6BABAA2822AC82A1008886DD /* GitHubSiteService.swift in Sources */,
				6B037DD922ADCA1E0040870D /* OrganisationSearchRouter.swift in Sources */,
				6BABAA3522AC99A0008886DD /* URL+StaticString.swift in Sources */,
				6BABAA4A22ACCB17008886DD /* OrganisationSearchScene.swift in Sources */,
				6B037DE122ADD25E0040870D /* SearchResults.swift in Sources */,
				6BABAA3722AC99B1008886DD /* String+StaticString.swift in Sources */,
				6BABAA2F22AC9958008886DD /* Organisation.swift in Sources */,
				6BABAA3E22ACC131008886DD /* RepositorySearchResultsScene.swift in Sources */,
				6B9EF50222AE80A000C916D3 /* FetchState.swift in Sources */,
				6BABAA5022ADBFB5008886DD /* executeOnMain.swift in Sources */,
				6BABAA4422ACC353008886DD /* RepositorySearchResultsPresenter.swift in Sources */,
				6BABAA3122AC9966008886DD /* Repository.swift in Sources */,
			);
			runOnlyForDeploymentPostprocessing = 0;
		};
		6BFD1A3122AC761100C2CCA9 /* Sources */ = {
			isa = PBXSourcesBuildPhase;
			buildActionMask = 2147483647;
			files = (
				6B5F8DA822AF345900C28281 /* Domain+TestDoubles.swift in Sources */,
				6B5F8DA622AF33C600C28281 /* WireframeTests.swift in Sources */,
				6B5F8DA422AF2FB600C28281 /* URL+StaticString.swift in Sources */,
				6B5F8DA222AF2D6300C28281 /* String+StaticStringTests.swift in Sources */,
			);
			runOnlyForDeploymentPostprocessing = 0;
		};
		6BFD1A3C22AC761100C2CCA9 /* Sources */ = {
			isa = PBXSourcesBuildPhase;
			buildActionMask = 2147483647;
			files = (
				6BFD1A4522AC761100C2CCA9 /* GitHub_Repository_SearchUITests.swift in Sources */,
			);
			runOnlyForDeploymentPostprocessing = 0;
		};
/* End PBXSourcesBuildPhase section */

/* Begin PBXTargetDependency section */
		6BFD1A3722AC761100C2CCA9 /* PBXTargetDependency */ = {
			isa = PBXTargetDependency;
			target = 6BFD1A2022AC760E00C2CCA9 /* GitHub Repository Search */;
			targetProxy = 6BFD1A3622AC761100C2CCA9 /* PBXContainerItemProxy */;
		};
		6BFD1A4222AC761100C2CCA9 /* PBXTargetDependency */ = {
			isa = PBXTargetDependency;
			target = 6BFD1A2022AC760E00C2CCA9 /* GitHub Repository Search */;
			targetProxy = 6BFD1A4122AC761100C2CCA9 /* PBXContainerItemProxy */;
		};
/* End PBXTargetDependency section */

/* Begin PBXVariantGroup section */
		6BFD1A2D22AC761000C2CCA9 /* LaunchScreen.storyboard */ = {
			isa = PBXVariantGroup;
			children = (
				6BFD1A2E22AC761000C2CCA9 /* Base */,
			);
			name = LaunchScreen.storyboard;
			sourceTree = "<group>";
		};
/* End PBXVariantGroup section */

/* Begin XCBuildConfiguration section */
		6BFD1A4722AC761100C2CCA9 /* Debug */ = {
			isa = XCBuildConfiguration;
			buildSettings = {
				ALWAYS_SEARCH_USER_PATHS = NO;
				CLANG_ANALYZER_NONNULL = YES;
				CLANG_ANALYZER_NUMBER_OBJECT_CONVERSION = YES_AGGRESSIVE;
				CLANG_CXX_LANGUAGE_STANDARD = "gnu++14";
				CLANG_CXX_LIBRARY = "libc++";
				CLANG_ENABLE_MODULES = YES;
				CLANG_ENABLE_OBJC_ARC = YES;
				CLANG_ENABLE_OBJC_WEAK = YES;
				CLANG_WARN_BLOCK_CAPTURE_AUTORELEASING = YES;
				CLANG_WARN_BOOL_CONVERSION = YES;
				CLANG_WARN_COMMA = YES;
				CLANG_WARN_CONSTANT_CONVERSION = YES;
				CLANG_WARN_DEPRECATED_OBJC_IMPLEMENTATIONS = YES;
				CLANG_WARN_DIRECT_OBJC_ISA_USAGE = YES_ERROR;
				CLANG_WARN_DOCUMENTATION_COMMENTS = YES;
				CLANG_WARN_EMPTY_BODY = YES;
				CLANG_WARN_ENUM_CONVERSION = YES;
				CLANG_WARN_INFINITE_RECURSION = YES;
				CLANG_WARN_INT_CONVERSION = YES;
				CLANG_WARN_NON_LITERAL_NULL_CONVERSION = YES;
				CLANG_WARN_OBJC_IMPLICIT_RETAIN_SELF = YES;
				CLANG_WARN_OBJC_LITERAL_CONVERSION = YES;
				CLANG_WARN_OBJC_ROOT_CLASS = YES_ERROR;
				CLANG_WARN_RANGE_LOOP_ANALYSIS = YES;
				CLANG_WARN_STRICT_PROTOTYPES = YES;
				CLANG_WARN_SUSPICIOUS_MOVE = YES;
				CLANG_WARN_UNGUARDED_AVAILABILITY = YES_AGGRESSIVE;
				CLANG_WARN_UNREACHABLE_CODE = YES;
				CLANG_WARN__DUPLICATE_METHOD_MATCH = YES;
				CODE_SIGN_IDENTITY = "iPhone Developer";
				COPY_PHASE_STRIP = NO;
				DEBUG_INFORMATION_FORMAT = dwarf;
				ENABLE_STRICT_OBJC_MSGSEND = YES;
				ENABLE_TESTABILITY = YES;
				GCC_C_LANGUAGE_STANDARD = gnu11;
				GCC_DYNAMIC_NO_PIC = NO;
				GCC_NO_COMMON_BLOCKS = YES;
				GCC_OPTIMIZATION_LEVEL = 0;
				GCC_PREPROCESSOR_DEFINITIONS = (
					"DEBUG=1",
					"$(inherited)",
				);
				GCC_WARN_64_TO_32_BIT_CONVERSION = YES;
				GCC_WARN_ABOUT_RETURN_TYPE = YES_ERROR;
				GCC_WARN_UNDECLARED_SELECTOR = YES;
				GCC_WARN_UNINITIALIZED_AUTOS = YES_AGGRESSIVE;
				GCC_WARN_UNUSED_FUNCTION = YES;
				GCC_WARN_UNUSED_VARIABLE = YES;
				IPHONEOS_DEPLOYMENT_TARGET = 12.2;
				MTL_ENABLE_DEBUG_INFO = INCLUDE_SOURCE;
				MTL_FAST_MATH = YES;
				ONLY_ACTIVE_ARCH = YES;
				SDKROOT = iphoneos;
				SWIFT_ACTIVE_COMPILATION_CONDITIONS = DEBUG;
				SWIFT_OPTIMIZATION_LEVEL = "-Onone";
			};
			name = Debug;
		};
		6BFD1A4822AC761100C2CCA9 /* Release */ = {
			isa = XCBuildConfiguration;
			buildSettings = {
				ALWAYS_SEARCH_USER_PATHS = NO;
				CLANG_ANALYZER_NONNULL = YES;
				CLANG_ANALYZER_NUMBER_OBJECT_CONVERSION = YES_AGGRESSIVE;
				CLANG_CXX_LANGUAGE_STANDARD = "gnu++14";
				CLANG_CXX_LIBRARY = "libc++";
				CLANG_ENABLE_MODULES = YES;
				CLANG_ENABLE_OBJC_ARC = YES;
				CLANG_ENABLE_OBJC_WEAK = YES;
				CLANG_WARN_BLOCK_CAPTURE_AUTORELEASING = YES;
				CLANG_WARN_BOOL_CONVERSION = YES;
				CLANG_WARN_COMMA = YES;
				CLANG_WARN_CONSTANT_CONVERSION = YES;
				CLANG_WARN_DEPRECATED_OBJC_IMPLEMENTATIONS = YES;
				CLANG_WARN_DIRECT_OBJC_ISA_USAGE = YES_ERROR;
				CLANG_WARN_DOCUMENTATION_COMMENTS = YES;
				CLANG_WARN_EMPTY_BODY = YES;
				CLANG_WARN_ENUM_CONVERSION = YES;
				CLANG_WARN_INFINITE_RECURSION = YES;
				CLANG_WARN_INT_CONVERSION = YES;
				CLANG_WARN_NON_LITERAL_NULL_CONVERSION = YES;
				CLANG_WARN_OBJC_IMPLICIT_RETAIN_SELF = YES;
				CLANG_WARN_OBJC_LITERAL_CONVERSION = YES;
				CLANG_WARN_OBJC_ROOT_CLASS = YES_ERROR;
				CLANG_WARN_RANGE_LOOP_ANALYSIS = YES;
				CLANG_WARN_STRICT_PROTOTYPES = YES;
				CLANG_WARN_SUSPICIOUS_MOVE = YES;
				CLANG_WARN_UNGUARDED_AVAILABILITY = YES_AGGRESSIVE;
				CLANG_WARN_UNREACHABLE_CODE = YES;
				CLANG_WARN__DUPLICATE_METHOD_MATCH = YES;
				CODE_SIGN_IDENTITY = "iPhone Developer";
				COPY_PHASE_STRIP = NO;
				DEBUG_INFORMATION_FORMAT = "dwarf-with-dsym";
				ENABLE_NS_ASSERTIONS = NO;
				ENABLE_STRICT_OBJC_MSGSEND = YES;
				GCC_C_LANGUAGE_STANDARD = gnu11;
				GCC_NO_COMMON_BLOCKS = YES;
				GCC_WARN_64_TO_32_BIT_CONVERSION = YES;
				GCC_WARN_ABOUT_RETURN_TYPE = YES_ERROR;
				GCC_WARN_UNDECLARED_SELECTOR = YES;
				GCC_WARN_UNINITIALIZED_AUTOS = YES_AGGRESSIVE;
				GCC_WARN_UNUSED_FUNCTION = YES;
				GCC_WARN_UNUSED_VARIABLE = YES;
				IPHONEOS_DEPLOYMENT_TARGET = 12.2;
				MTL_ENABLE_DEBUG_INFO = NO;
				MTL_FAST_MATH = YES;
				SDKROOT = iphoneos;
				SWIFT_COMPILATION_MODE = wholemodule;
				SWIFT_OPTIMIZATION_LEVEL = "-O";
				VALIDATE_PRODUCT = YES;
			};
			name = Release;
		};
		6BFD1A4A22AC761100C2CCA9 /* Debug */ = {
			isa = XCBuildConfiguration;
			buildSettings = {
				ASSETCATALOG_COMPILER_APPICON_NAME = AppIcon;
				CODE_SIGN_STYLE = Automatic;
				DEVELOPMENT_TEAM = Y6Q66BXSCV;
				INFOPLIST_FILE = "GitHub Repository Search/Info.plist";
				LD_RUNPATH_SEARCH_PATHS = (
					"$(inherited)",
					"@executable_path/Frameworks",
				);
				PRODUCT_BUNDLE_IDENTIFIER = "com.keenanhauber.GitHub-Repository-Search";
				PRODUCT_NAME = "$(TARGET_NAME)";
				SWIFT_VERSION = 5.0;
				TARGETED_DEVICE_FAMILY = "1,2";
			};
			name = Debug;
		};
		6BFD1A4B22AC761100C2CCA9 /* Release */ = {
			isa = XCBuildConfiguration;
			buildSettings = {
				ASSETCATALOG_COMPILER_APPICON_NAME = AppIcon;
				CODE_SIGN_STYLE = Automatic;
				DEVELOPMENT_TEAM = Y6Q66BXSCV;
				INFOPLIST_FILE = "GitHub Repository Search/Info.plist";
				LD_RUNPATH_SEARCH_PATHS = (
					"$(inherited)",
					"@executable_path/Frameworks",
				);
				PRODUCT_BUNDLE_IDENTIFIER = "com.keenanhauber.GitHub-Repository-Search";
				PRODUCT_NAME = "$(TARGET_NAME)";
				SWIFT_VERSION = 5.0;
				TARGETED_DEVICE_FAMILY = "1,2";
			};
			name = Release;
		};
		6BFD1A4D22AC761100C2CCA9 /* Debug */ = {
			isa = XCBuildConfiguration;
			buildSettings = {
				ALWAYS_EMBED_SWIFT_STANDARD_LIBRARIES = YES;
				BUNDLE_LOADER = "$(TEST_HOST)";
				CLANG_ENABLE_MODULES = YES;
				CODE_SIGN_STYLE = Automatic;
				DEVELOPMENT_TEAM = Y6Q66BXSCV;
				INFOPLIST_FILE = "GitHub Repository SearchTests/Info.plist";
				LD_RUNPATH_SEARCH_PATHS = (
					"$(inherited)",
					"@executable_path/Frameworks",
					"@loader_path/Frameworks",
				);
				PRODUCT_BUNDLE_IDENTIFIER = "com.keenanhauber.GitHub-Repository-SearchTests";
				PRODUCT_NAME = "$(TARGET_NAME)";
				SWIFT_OPTIMIZATION_LEVEL = "-Onone";
				SWIFT_VERSION = 5.0;
				TARGETED_DEVICE_FAMILY = "1,2";
				TEST_HOST = "$(BUILT_PRODUCTS_DIR)/GitHub Repository Search.app/GitHub Repository Search";
			};
			name = Debug;
		};
		6BFD1A4E22AC761100C2CCA9 /* Release */ = {
			isa = XCBuildConfiguration;
			buildSettings = {
				ALWAYS_EMBED_SWIFT_STANDARD_LIBRARIES = YES;
				BUNDLE_LOADER = "$(TEST_HOST)";
				CLANG_ENABLE_MODULES = YES;
				CODE_SIGN_STYLE = Automatic;
				DEVELOPMENT_TEAM = Y6Q66BXSCV;
				INFOPLIST_FILE = "GitHub Repository SearchTests/Info.plist";
				LD_RUNPATH_SEARCH_PATHS = (
					"$(inherited)",
					"@executable_path/Frameworks",
					"@loader_path/Frameworks",
				);
				PRODUCT_BUNDLE_IDENTIFIER = "com.keenanhauber.GitHub-Repository-SearchTests";
				PRODUCT_NAME = "$(TARGET_NAME)";
				SWIFT_VERSION = 5.0;
				TARGETED_DEVICE_FAMILY = "1,2";
				TEST_HOST = "$(BUILT_PRODUCTS_DIR)/GitHub Repository Search.app/GitHub Repository Search";
			};
			name = Release;
		};
		6BFD1A5022AC761100C2CCA9 /* Debug */ = {
			isa = XCBuildConfiguration;
			buildSettings = {
				ALWAYS_EMBED_SWIFT_STANDARD_LIBRARIES = YES;
				CODE_SIGN_STYLE = Automatic;
				DEVELOPMENT_TEAM = Y6Q66BXSCV;
				INFOPLIST_FILE = "GitHub Repository SearchUITests/Info.plist";
				LD_RUNPATH_SEARCH_PATHS = (
					"$(inherited)",
					"@executable_path/Frameworks",
					"@loader_path/Frameworks",
				);
				PRODUCT_BUNDLE_IDENTIFIER = "com.keenanhauber.GitHub-Repository-SearchUITests";
				PRODUCT_NAME = "$(TARGET_NAME)";
				SWIFT_VERSION = 5.0;
				TARGETED_DEVICE_FAMILY = "1,2";
				TEST_TARGET_NAME = "GitHub Repository Search";
			};
			name = Debug;
		};
		6BFD1A5122AC761100C2CCA9 /* Release */ = {
			isa = XCBuildConfiguration;
			buildSettings = {
				ALWAYS_EMBED_SWIFT_STANDARD_LIBRARIES = YES;
				CODE_SIGN_STYLE = Automatic;
				DEVELOPMENT_TEAM = Y6Q66BXSCV;
				INFOPLIST_FILE = "GitHub Repository SearchUITests/Info.plist";
				LD_RUNPATH_SEARCH_PATHS = (
					"$(inherited)",
					"@executable_path/Frameworks",
					"@loader_path/Frameworks",
				);
				PRODUCT_BUNDLE_IDENTIFIER = "com.keenanhauber.GitHub-Repository-SearchUITests";
				PRODUCT_NAME = "$(TARGET_NAME)";
				SWIFT_VERSION = 5.0;
				TARGETED_DEVICE_FAMILY = "1,2";
				TEST_TARGET_NAME = "GitHub Repository Search";
			};
			name = Release;
		};
/* End XCBuildConfiguration section */

/* Begin XCConfigurationList section */
		6BFD1A1C22AC760E00C2CCA9 /* Build configuration list for PBXProject "GitHub Repository Search" */ = {
			isa = XCConfigurationList;
			buildConfigurations = (
				6BFD1A4722AC761100C2CCA9 /* Debug */,
				6BFD1A4822AC761100C2CCA9 /* Release */,
			);
			defaultConfigurationIsVisible = 0;
			defaultConfigurationName = Debug;
		};
		6BFD1A4922AC761100C2CCA9 /* Build configuration list for PBXNativeTarget "GitHub Repository Search" */ = {
			isa = XCConfigurationList;
			buildConfigurations = (
				6BFD1A4A22AC761100C2CCA9 /* Debug */,
				6BFD1A4B22AC761100C2CCA9 /* Release */,
			);
			defaultConfigurationIsVisible = 0;
			defaultConfigurationName = Debug;
		};
		6BFD1A4C22AC761100C2CCA9 /* Build configuration list for PBXNativeTarget "GitHub Repository SearchTests" */ = {
			isa = XCConfigurationList;
			buildConfigurations = (
				6BFD1A4D22AC761100C2CCA9 /* Debug */,
				6BFD1A4E22AC761100C2CCA9 /* Release */,
			);
			defaultConfigurationIsVisible = 0;
			defaultConfigurationName = Debug;
		};
		6BFD1A4F22AC761100C2CCA9 /* Build configuration list for PBXNativeTarget "GitHub Repository SearchUITests" */ = {
			isa = XCConfigurationList;
			buildConfigurations = (
				6BFD1A5022AC761100C2CCA9 /* Debug */,
				6BFD1A5122AC761100C2CCA9 /* Release */,
			);
			defaultConfigurationIsVisible = 0;
			defaultConfigurationName = Debug;
		};
/* End XCConfigurationList section */
	};
	rootObject = 6BFD1A1922AC760E00C2CCA9 /* Project object */;
}
